
Microsoft Visual Studio Solution File, Format Version 12.00
# Visual Studio 15
VisualStudioVersion = 15.0.27703.2035
MinimumVisualStudioVersion = 10.0.40219.1
Project("{E24C65DC-7377-472B-9ABA-BC803B73C61A}") = "CuedInWebsite", "CuedInWebsite\", "{34C3B7BB-4BE0-480F-A756-C14998B5E598}"
	ProjectSection(WebsiteProperties) = preProject
		TargetFrameworkMoniker = ".NETFramework,Version%3Dv4.6.1"
		Debug.AspNetCompiler.VirtualPath = "/localhost_55525"
		Debug.AspNetCompiler.PhysicalPath = "CuedInWebsite\"
		Debug.AspNetCompiler.TargetPath = "PrecompiledWeb\localhost_55525\"
		Debug.AspNetCompiler.Updateable = "true"
		Debug.AspNetCompiler.ForceOverwrite = "true"
		Debug.AspNetCompiler.FixedNames = "false"
		Debug.AspNetCompiler.Debug = "True"
		Release.AspNetCompiler.VirtualPath = "/localhost_55525"
		Release.AspNetCompiler.PhysicalPath = "CuedInWebsite\"
		Release.AspNetCompiler.TargetPath = "PrecompiledWeb\localhost_55525\"
		Release.AspNetCompiler.Updateable = "true"
		Release.AspNetCompiler.ForceOverwrite = "true"
		Release.AspNetCompiler.FixedNames = "false"
		Release.AspNetCompiler.Debug = "False"
		VWDPort = "55525"
		DefaultWebSiteLanguage = "Visual C#"
	EndProjectSection
EndProject
Global
	GlobalSection(SolutionConfigurationPlatforms) = preSolution
		Debug|Any CPU = Debug|Any CPU
	EndGlobalSection
	GlobalSection(ProjectConfigurationPlatforms) = postSolution
		{34C3B7BB-4BE0-480F-A756-C14998B5E598}.Debug|Any CPU.ActiveCfg = Debug|Any CPU
		{34C3B7BB-4BE0-480F-A756-C14998B5E598}.Debug|Any CPU.Build.0 = Debug|Any CPU
	EndGlobalSection
	GlobalSection(SolutionProperties) = preSolution
		HideSolutionNode = FALSE
	EndGlobalSection
	GlobalSection(ExtensibilityGlobals) = postSolution
		SolutionGuid = {0B106FC1-E496-44D9-BDFA-D17A04A67602}
	EndGlobalSection
EndGlobal
