
Microsoft Visual Studio Solution File, Format Version 12.00
# Visual Studio 15
VisualStudioVersion = 15.0.28307.271
MinimumVisualStudioVersion = 10.0.40219.1
Project("{E24C65DC-7377-472B-9ABA-BC803B73C61A}") = "484Proj", "484Proj\", "{29325802-F9B3-43AE-8649-1D5D303255E5}"
	ProjectSection(WebsiteProperties) = preProject
		TargetFrameworkMoniker = ".NETFramework,Version%3Dv4.6.1"
		Debug.AspNetCompiler.VirtualPath = "/localhost_61075"
		Debug.AspNetCompiler.PhysicalPath = "484Proj\"
		Debug.AspNetCompiler.TargetPath = "PrecompiledWeb\localhost_61075\"
		Debug.AspNetCompiler.Updateable = "true"
		Debug.AspNetCompiler.ForceOverwrite = "true"
		Debug.AspNetCompiler.FixedNames = "false"
		Debug.AspNetCompiler.Debug = "True"
		Release.AspNetCompiler.VirtualPath = "/localhost_61075"
		Release.AspNetCompiler.PhysicalPath = "484Proj\"
		Release.AspNetCompiler.TargetPath = "PrecompiledWeb\localhost_61075\"
		Release.AspNetCompiler.Updateable = "true"
		Release.AspNetCompiler.ForceOverwrite = "true"
		Release.AspNetCompiler.FixedNames = "false"
		Release.AspNetCompiler.Debug = "False"
		VWDPort = "61075"
		SlnRelativePath = "484Proj\"
		DefaultWebSiteLanguage = "Visual C#"
	EndProjectSection
EndProject
Global
	GlobalSection(SolutionConfigurationPlatforms) = preSolution
		Debug|Any CPU = Debug|Any CPU
	EndGlobalSection
	GlobalSection(ProjectConfigurationPlatforms) = postSolution
		{29325802-F9B3-43AE-8649-1D5D303255E5}.Debug|Any CPU.ActiveCfg = Debug|Any CPU
		{29325802-F9B3-43AE-8649-1D5D303255E5}.Debug|Any CPU.Build.0 = Debug|Any CPU
	EndGlobalSection
	GlobalSection(SolutionProperties) = preSolution
		HideSolutionNode = FALSE
	EndGlobalSection
	GlobalSection(ExtensibilityGlobals) = postSolution
		SolutionGuid = {E5BDA9BD-145B-4F73-8811-F38A072E5D51}
	EndGlobalSection
EndGlobal
